
Microsoft Visual Studio Solution File, Format Version 12.00
# Visual Studio Version 17
VisualStudioVersion = 17.0.32112.339
MinimumVisualStudioVersion = 10.0.40219.1
Project("{FAE04EC0-301F-11D3-BF4B-00C04F79EFBC}") = "Cryptosouvenirs", "Cryptosouvenirs\Cryptosouvenirs.csproj", "{656970BE-D3CC-4099-BC97-8ED294658EBE}"
EndProject
Global
	GlobalSection(SolutionConfigurationPlatforms) = preSolution
		Debug|Any CPU = Debug|Any CPU
		Release|Any CPU = Release|Any CPU
	EndGlobalSection
	GlobalSection(ProjectConfigurationPlatforms) = postSolution
		{656970BE-D3CC-4099-BC97-8ED294658EBE}.Debug|Any CPU.ActiveCfg = Debug|Any CPU
		{656970BE-D3CC-4099-BC97-8ED294658EBE}.Debug|Any CPU.Build.0 = Debug|Any CPU
		{656970BE-D3CC-4099-BC97-8ED294658EBE}.Release|Any CPU.ActiveCfg = Release|Any CPU
		{656970BE-D3CC-4099-BC97-8ED294658EBE}.Release|Any CPU.Build.0 = Release|Any CPU
	EndGlobalSection
	GlobalSection(SolutionProperties) = preSolution
		HideSolutionNode = FALSE
	EndGlobalSection
	GlobalSection(ExtensibilityGlobals) = postSolution
		SolutionGuid = {78F39AB0-4827-4991-A174-10DA718FEC2B}
	EndGlobalSection
EndGlobal
