{
  "name": "crypto-souvenirs-server",
  "lockfileVersion": 2,
  "requires": true,
  "packages": {
    "": {
      "name": "crypto-souvenirs-server"
    },
    "..": {
      "name": "crypto-souvenirs",
      "extraneous": true,
      "devDependencies": {
        "@types/jest": "^27.4.1",
        "@types/node": "^16.11.7",
        "@typescript-eslint/eslint-plugin": "^5.16.0",
        "@typescript-eslint/parser": "^5.16.0",
        "concurrently": "^7.2.1",
        "eslint": "^8.12.0",
        "eslint-config-prettier": "^8.5.0",
        "eslint-plugin-prettier": "^4.0.0",
        "prettier": "^2.6.1",
        "typescript": "~4.6.3"
      }
    }
  }
}
